# GodTier Shorts - Backend Dependencies
# Reference toolchain: Python 3.13.x

# Web Framework
fastapi==0.133.1
uvicorn[standard]==0.41.0
python-multipart==0.0.22

# Data Validation
pydantic==2.12.4

# Environment Variables
python-dotenv==1.1.0

# Logging
loguru==0.7.3

# Security / Crypto
PyJWT==2.12.0
cryptography==46.0.5

# AI / ML
torch==2.10.0
torchvision==0.25.0
ultralytics==8.4.16
faster-whisper==1.2.1
lap==0.5.13

# Computer Vision
opencv-python==4.13.0.92
numpy==2.4.2

# LLM API
openai==2.24.0

# HTTP Client (for yt-dlp)
httpx==0.28.1

# yt-dlp for YouTube downloading
yt-dlp==2026.2.21

# Test / Coverage
pytest-cov==7.0.0
